<?xml version="1.0" encoding="utf-8"?>
<Project ToolsVersion="17.0" xmlns="http://schemas.microsoft.com/developer/msbuild/2003">
  <ItemGroup>
    <ClCompile Include="E:\Coding\C++ Projects\Umber-CMake\Sandbox\src\Application.cpp">
      <Filter>Quelldateien</Filter>
    </ClCompile>
  </ItemGroup>
  <ItemGroup>
    <CustomBuild Include="E:\Coding\C++ Projects\Umber-CMake\Sandbox\CMakeLists.txt" />
  </ItemGroup>
  <ItemGroup>
    <Filter Include="Quelldateien">
      <UniqueIdentifier>{6B8A9614-ECC1-3804-8589-DA3174B7130C}</UniqueIdentifier>
    </Filter>
  </ItemGroup>
</Project>
